
Microsoft Visual Studio Solution File, Format Version 12.00
# Visual Studio Version 16
VisualStudioVersion = 16.0.29102.190
MinimumVisualStudioVersion = 10.0.40219.1
Project("{9A19103F-16F7-4668-BE54-9A1E7A4F7556}") = "PasteItCleaned.WmfConverter", "PasteItCleaned.WmfConverter\PasteItCleaned.WmfConverter.csproj", "{E054B1FD-9377-4062-B37E-83F1CE479003}"
EndProject
Project("{9A19103F-16F7-4668-BE54-9A1E7A4F7556}") = "PasteItCleaned.Plugin", "PasteItCleaned.Common\PasteItCleaned.Plugin.csproj", "{1AD21D04-B658-4DAC-A09E-01EA51AB8CB3}"
EndProject
Project("{2150E333-8FDC-42A3-9474-1A3956D46DE8}") = "Common.Assets", "Common.Assets", "{64C88C46-150D-43EC-B7E1-315E7D7B316F}"
	ProjectSection(SolutionItems) = preProject
		PasteItCleaned.Common.Assets\appsettings.Development.json = PasteItCleaned.Common.Assets\appsettings.Development.json
		PasteItCleaned.Common.Assets\appsettings.json = PasteItCleaned.Common.Assets\appsettings.json
	EndProjectSection
EndProject
Project("{2150E333-8FDC-42A3-9474-1A3956D46DE8}") = "Common", "Common", "{AC69745D-3505-4A07-B457-A7378AFF7F86}"
EndProject
Project("{2150E333-8FDC-42A3-9474-1A3956D46DE8}") = "Plugin", "Plugin", "{304E8271-7A2C-4958-B180-D3E06DD21CCF}"
EndProject
Project("{2150E333-8FDC-42A3-9474-1A3956D46DE8}") = "Converters", "Converters", "{BF8D71E8-F347-4F15-8B7C-B64F2A5F781D}"
EndProject
Project("{2150E333-8FDC-42A3-9474-1A3956D46DE8}") = "Backend", "Backend", "{CEE2F735-D7F4-418E-A2AF-1D29A41B9A0A}"
EndProject
Project("{9A19103F-16F7-4668-BE54-9A1E7A4F7556}") = "PasteItCleaned.Backend.IIS", "PasteItCleaned.Backend.IIS\PasteItCleaned.Backend.IIS.csproj", "{6E0A658B-6751-4877-A9B6-4745E18B14C5}"
EndProject
Project("{9A19103F-16F7-4668-BE54-9A1E7A4F7556}") = "PasteItCleaned.Core", "PasteItCleaned.Core\PasteItCleaned.Core.csproj", "{116BF898-3AAC-4610-9BAB-2BD9AE19EFDA}"
EndProject
Project("{9A19103F-16F7-4668-BE54-9A1E7A4F7556}") = "PasteItCleaned.Backend.Aws.Lambda", "PasteItCleaned.Backend.Aws.Lambda\PasteItCleaned.Backend.Aws.Lambda.csproj", "{294D626F-D6C6-4292-B909-D133ECE390BF}"
EndProject
Project("{9A19103F-16F7-4668-BE54-9A1E7A4F7556}") = "PasteItCleaned.Plugin.IIS", "PasteItCleaned.Plugin.IIS\PasteItCleaned.Plugin.IIS.csproj", "{6ACF9E87-4319-440D-B829-3FF9561CC94C}"
EndProject
Project("{9A19103F-16F7-4668-BE54-9A1E7A4F7556}") = "PasteItCleaned.Plugin.Aws.Lambda", "PasteItCleaned.PluginAws.Lambda\PasteItCleaned.Plugin.Aws.Lambda.csproj", "{EC561B9C-0075-41C8-BC78-483DA6D47D81}"
EndProject
Project("{9A19103F-16F7-4668-BE54-9A1E7A4F7556}") = "PasteItCleaned.Data", "PasteItCleaned.Data\PasteItCleaned.Data.csproj", "{C213B20E-953A-4D09-8376-5B1AB267B52E}"
EndProject
Project("{9A19103F-16F7-4668-BE54-9A1E7A4F7556}") = "PasteItCleaned.Services", "PasteItCleaned.Services\PasteItCleaned.Services.csproj", "{7F1B6894-A2F7-4ABC-9DD5-3120214586DC}"
EndProject
Project("{9A19103F-16F7-4668-BE54-9A1E7A4F7556}") = "PasteItCleaned.Backend", "PasteItCleaned.Backend\PasteItCleaned.Backend.csproj", "{DD2D0C72-A607-436C-9974-DB027F4D30F4}"
EndProject
Global
	GlobalSection(SolutionConfigurationPlatforms) = preSolution
		Debug|Any CPU = Debug|Any CPU
		Release|Any CPU = Release|Any CPU
	EndGlobalSection
	GlobalSection(ProjectConfigurationPlatforms) = postSolution
		{E054B1FD-9377-4062-B37E-83F1CE479003}.Debug|Any CPU.ActiveCfg = Debug|Any CPU
		{E054B1FD-9377-4062-B37E-83F1CE479003}.Debug|Any CPU.Build.0 = Debug|Any CPU
		{E054B1FD-9377-4062-B37E-83F1CE479003}.Release|Any CPU.ActiveCfg = Release|Any CPU
		{E054B1FD-9377-4062-B37E-83F1CE479003}.Release|Any CPU.Build.0 = Release|Any CPU
		{1AD21D04-B658-4DAC-A09E-01EA51AB8CB3}.Debug|Any CPU.ActiveCfg = Debug|Any CPU
		{1AD21D04-B658-4DAC-A09E-01EA51AB8CB3}.Debug|Any CPU.Build.0 = Debug|Any CPU
		{1AD21D04-B658-4DAC-A09E-01EA51AB8CB3}.Release|Any CPU.ActiveCfg = Release|Any CPU
		{1AD21D04-B658-4DAC-A09E-01EA51AB8CB3}.Release|Any CPU.Build.0 = Release|Any CPU
		{6E0A658B-6751-4877-A9B6-4745E18B14C5}.Debug|Any CPU.ActiveCfg = Debug|Any CPU
		{6E0A658B-6751-4877-A9B6-4745E18B14C5}.Debug|Any CPU.Build.0 = Debug|Any CPU
		{6E0A658B-6751-4877-A9B6-4745E18B14C5}.Release|Any CPU.ActiveCfg = Release|Any CPU
		{6E0A658B-6751-4877-A9B6-4745E18B14C5}.Release|Any CPU.Build.0 = Release|Any CPU
		{116BF898-3AAC-4610-9BAB-2BD9AE19EFDA}.Debug|Any CPU.ActiveCfg = Debug|Any CPU
		{116BF898-3AAC-4610-9BAB-2BD9AE19EFDA}.Debug|Any CPU.Build.0 = Debug|Any CPU
		{116BF898-3AAC-4610-9BAB-2BD9AE19EFDA}.Release|Any CPU.ActiveCfg = Release|Any CPU
		{116BF898-3AAC-4610-9BAB-2BD9AE19EFDA}.Release|Any CPU.Build.0 = Release|Any CPU
		{294D626F-D6C6-4292-B909-D133ECE390BF}.Debug|Any CPU.ActiveCfg = Debug|Any CPU
		{294D626F-D6C6-4292-B909-D133ECE390BF}.Debug|Any CPU.Build.0 = Debug|Any CPU
		{294D626F-D6C6-4292-B909-D133ECE390BF}.Release|Any CPU.ActiveCfg = Release|Any CPU
		{294D626F-D6C6-4292-B909-D133ECE390BF}.Release|Any CPU.Build.0 = Release|Any CPU
		{6ACF9E87-4319-440D-B829-3FF9561CC94C}.Debug|Any CPU.ActiveCfg = Debug|Any CPU
		{6ACF9E87-4319-440D-B829-3FF9561CC94C}.Debug|Any CPU.Build.0 = Debug|Any CPU
		{6ACF9E87-4319-440D-B829-3FF9561CC94C}.Release|Any CPU.ActiveCfg = Release|Any CPU
		{6ACF9E87-4319-440D-B829-3FF9561CC94C}.Release|Any CPU.Build.0 = Release|Any CPU
		{EC561B9C-0075-41C8-BC78-483DA6D47D81}.Debug|Any CPU.ActiveCfg = Debug|Any CPU
		{EC561B9C-0075-41C8-BC78-483DA6D47D81}.Debug|Any CPU.Build.0 = Debug|Any CPU
		{EC561B9C-0075-41C8-BC78-483DA6D47D81}.Release|Any CPU.ActiveCfg = Release|Any CPU
		{EC561B9C-0075-41C8-BC78-483DA6D47D81}.Release|Any CPU.Build.0 = Release|Any CPU
		{C213B20E-953A-4D09-8376-5B1AB267B52E}.Debug|Any CPU.ActiveCfg = Debug|Any CPU
		{C213B20E-953A-4D09-8376-5B1AB267B52E}.Debug|Any CPU.Build.0 = Debug|Any CPU
		{C213B20E-953A-4D09-8376-5B1AB267B52E}.Release|Any CPU.ActiveCfg = Release|Any CPU
		{C213B20E-953A-4D09-8376-5B1AB267B52E}.Release|Any CPU.Build.0 = Release|Any CPU
		{7F1B6894-A2F7-4ABC-9DD5-3120214586DC}.Debug|Any CPU.ActiveCfg = Debug|Any CPU
		{7F1B6894-A2F7-4ABC-9DD5-3120214586DC}.Debug|Any CPU.Build.0 = Debug|Any CPU
		{7F1B6894-A2F7-4ABC-9DD5-3120214586DC}.Release|Any CPU.ActiveCfg = Release|Any CPU
		{7F1B6894-A2F7-4ABC-9DD5-3120214586DC}.Release|Any CPU.Build.0 = Release|Any CPU
		{DD2D0C72-A607-436C-9974-DB027F4D30F4}.Debug|Any CPU.ActiveCfg = Debug|Any CPU
		{DD2D0C72-A607-436C-9974-DB027F4D30F4}.Debug|Any CPU.Build.0 = Debug|Any CPU
		{DD2D0C72-A607-436C-9974-DB027F4D30F4}.Release|Any CPU.ActiveCfg = Release|Any CPU
		{DD2D0C72-A607-436C-9974-DB027F4D30F4}.Release|Any CPU.Build.0 = Release|Any CPU
	EndGlobalSection
	GlobalSection(SolutionProperties) = preSolution
		HideSolutionNode = FALSE
	EndGlobalSection
	GlobalSection(NestedProjects) = preSolution
		{E054B1FD-9377-4062-B37E-83F1CE479003} = {BF8D71E8-F347-4F15-8B7C-B64F2A5F781D}
		{1AD21D04-B658-4DAC-A09E-01EA51AB8CB3} = {304E8271-7A2C-4958-B180-D3E06DD21CCF}
		{6E0A658B-6751-4877-A9B6-4745E18B14C5} = {CEE2F735-D7F4-418E-A2AF-1D29A41B9A0A}
		{116BF898-3AAC-4610-9BAB-2BD9AE19EFDA} = {AC69745D-3505-4A07-B457-A7378AFF7F86}
		{294D626F-D6C6-4292-B909-D133ECE390BF} = {CEE2F735-D7F4-418E-A2AF-1D29A41B9A0A}
		{6ACF9E87-4319-440D-B829-3FF9561CC94C} = {304E8271-7A2C-4958-B180-D3E06DD21CCF}
		{EC561B9C-0075-41C8-BC78-483DA6D47D81} = {304E8271-7A2C-4958-B180-D3E06DD21CCF}
		{C213B20E-953A-4D09-8376-5B1AB267B52E} = {AC69745D-3505-4A07-B457-A7378AFF7F86}
		{7F1B6894-A2F7-4ABC-9DD5-3120214586DC} = {AC69745D-3505-4A07-B457-A7378AFF7F86}
		{DD2D0C72-A607-436C-9974-DB027F4D30F4} = {CEE2F735-D7F4-418E-A2AF-1D29A41B9A0A}
	EndGlobalSection
	GlobalSection(ExtensibilityGlobals) = postSolution
		SolutionGuid = {C272A0D0-6619-4397-8B3F-CE0629A57605}
	EndGlobalSection
EndGlobal
